{
  "requires": true,
  "lockfileVersion": 1,
  "dependencies": {
    "flipping": {
      "version": "1.1.0",
      "resolved": "https://registry.npmjs.org/flipping/-/flipping-1.1.0.tgz",
      "integrity": "sha512-aG+TldohfRa6t5fwD2SHvtV193lDrEbHIFOzfYogzJzjxLaFpoek39S7rsIAmE3KKVM84I24J2Z50PsPqTrldA==",
      "requires": {
        "rematrix": "^0.1.3"
      }
    },
    "rematrix": {
      "version": "0.1.3",
      "resolved": "https://registry.npmjs.org/rematrix/-/rematrix-0.1.3.tgz",
      "integrity": "sha512-Wpk2WXYrN7brfFHDVljhsWBkMg0RCkS8ZlymUuUrlmLtfm72zLF50VWpRdAjjNHagupqXVeWiS1UOyjoZlDZyA=="
    }
  }
}
